
Microsoft Visual Studio Solution File, Format Version 12.00
# Visual Studio Version 17
VisualStudioVersion = 17.0.31612.314
MinimumVisualStudioVersion = 10.0.40219.1
Project("{FAE04EC0-301F-11D3-BF4B-00C04F79EFBC}") = "LeverXCoursesLab10", "LeverXCoursesLab10\LeverXCoursesLab10.csproj", "{F1619581-300E-4823-BF3A-3A84DF51ABB2}"
EndProject
Global
	GlobalSection(SolutionConfigurationPlatforms) = preSolution
		Debug|Any CPU = Debug|Any CPU
		Release|Any CPU = Release|Any CPU
	EndGlobalSection
	GlobalSection(ProjectConfigurationPlatforms) = postSolution
		{F1619581-300E-4823-BF3A-3A84DF51ABB2}.Debug|Any CPU.ActiveCfg = Debug|Any CPU
		{F1619581-300E-4823-BF3A-3A84DF51ABB2}.Debug|Any CPU.Build.0 = Debug|Any CPU
		{F1619581-300E-4823-BF3A-3A84DF51ABB2}.Release|Any CPU.ActiveCfg = Release|Any CPU
		{F1619581-300E-4823-BF3A-3A84DF51ABB2}.Release|Any CPU.Build.0 = Release|Any CPU
	EndGlobalSection
	GlobalSection(SolutionProperties) = preSolution
		HideSolutionNode = FALSE
	EndGlobalSection
	GlobalSection(ExtensibilityGlobals) = postSolution
		SolutionGuid = {AF70508F-3521-43FC-B191-6692008CC0E6}
	EndGlobalSection
EndGlobal
